
Microsoft Visual Studio Solution File, Format Version 12.00
# Visual Studio Version 17
VisualStudioVersion = 17.0.31903.59
MinimumVisualStudioVersion = 10.0.40219.1
Project("{2150E333-8FDC-42A3-9474-1A3956D46DE8}") = "WebShopABMATIC", "WebShopABMATIC", "{122ECE93-3BFE-4286-8CCA-4240C4768A07}"
EndProject
Project("{FAE04EC0-301F-11D3-BF4B-00C04F79EFBC}") = "WebShopABMATIC.Data", "Model\WebShopABMATIC.Data.csproj", "{968509F3-2C9E-4567-B056-8E2ED155D6E4}"
EndProject
Project("{FAE04EC0-301F-11D3-BF4B-00C04F79EFBC}") = "WebShopABMATIC.Data.Persistence", "Persistence\WebShopABMATIC.Data.Persistence.csproj", "{94AA8077-8D51-408B-B738-4393AA35F648}"
EndProject
Project("{FAE04EC0-301F-11D3-BF4B-00C04F79EFBC}") = "WebShopABMATIC.Application", "Application\WebShopABMATIC.Application.csproj", "{AE538C77-E78E-4E62-85DC-9303E16CEDAB}"
EndProject
Project("{FAE04EC0-301F-11D3-BF4B-00C04F79EFBC}") = "WebShopABMATIC.Infrastructure", "Infrastructure\WebShopABMATIC.Infrastructure.csproj", "{9392234A-D067-4F14-B012-036A7EA54969}"
EndProject
Project("{FAE04EC0-301F-11D3-BF4B-00C04F79EFBC}") = "WebShopABMATIC.Web", "Web\WebShopABMATIC.Web.csproj", "{821E743E-DB09-4F8A-9852-E9D12CE0A874}"
EndProject
Project("{FAE04EC0-301F-11D3-BF4B-00C04F79EFBC}") = "WebShopABMATIC.Domain", "Domain\WebShopABMATIC.Domain.csproj", "{50D37B6E-6DA3-402E-858F-F15540E50CB3}"
EndProject
Global
	GlobalSection(SolutionConfigurationPlatforms) = preSolution
		Debug|Any CPU = Debug|Any CPU
		Release|Any CPU = Release|Any CPU
	EndGlobalSection
	GlobalSection(SolutionProperties) = preSolution
		HideSolutionNode = FALSE
	EndGlobalSection
	GlobalSection(ProjectConfigurationPlatforms) = postSolution
		{968509F3-2C9E-4567-B056-8E2ED155D6E4}.Debug|Any CPU.ActiveCfg = Debug|Any CPU
		{968509F3-2C9E-4567-B056-8E2ED155D6E4}.Debug|Any CPU.Build.0 = Debug|Any CPU
		{968509F3-2C9E-4567-B056-8E2ED155D6E4}.Release|Any CPU.ActiveCfg = Release|Any CPU
		{968509F3-2C9E-4567-B056-8E2ED155D6E4}.Release|Any CPU.Build.0 = Release|Any CPU
		{94AA8077-8D51-408B-B738-4393AA35F648}.Debug|Any CPU.ActiveCfg = Debug|Any CPU
		{94AA8077-8D51-408B-B738-4393AA35F648}.Debug|Any CPU.Build.0 = Debug|Any CPU
		{94AA8077-8D51-408B-B738-4393AA35F648}.Release|Any CPU.ActiveCfg = Release|Any CPU
		{94AA8077-8D51-408B-B738-4393AA35F648}.Release|Any CPU.Build.0 = Release|Any CPU
		{AE538C77-E78E-4E62-85DC-9303E16CEDAB}.Debug|Any CPU.ActiveCfg = Debug|Any CPU
		{AE538C77-E78E-4E62-85DC-9303E16CEDAB}.Debug|Any CPU.Build.0 = Debug|Any CPU
		{AE538C77-E78E-4E62-85DC-9303E16CEDAB}.Release|Any CPU.ActiveCfg = Release|Any CPU
		{AE538C77-E78E-4E62-85DC-9303E16CEDAB}.Release|Any CPU.Build.0 = Release|Any CPU
		{9392234A-D067-4F14-B012-036A7EA54969}.Debug|Any CPU.ActiveCfg = Debug|Any CPU
		{9392234A-D067-4F14-B012-036A7EA54969}.Debug|Any CPU.Build.0 = Debug|Any CPU
		{9392234A-D067-4F14-B012-036A7EA54969}.Release|Any CPU.ActiveCfg = Release|Any CPU
		{9392234A-D067-4F14-B012-036A7EA54969}.Release|Any CPU.Build.0 = Release|Any CPU
		{821E743E-DB09-4F8A-9852-E9D12CE0A874}.Debug|Any CPU.ActiveCfg = Debug|Any CPU
		{821E743E-DB09-4F8A-9852-E9D12CE0A874}.Debug|Any CPU.Build.0 = Debug|Any CPU
		{821E743E-DB09-4F8A-9852-E9D12CE0A874}.Release|Any CPU.ActiveCfg = Release|Any CPU
		{821E743E-DB09-4F8A-9852-E9D12CE0A874}.Release|Any CPU.Build.0 = Release|Any CPU
		{50D37B6E-6DA3-402E-858F-F15540E50CB3}.Debug|Any CPU.ActiveCfg = Debug|Any CPU
		{50D37B6E-6DA3-402E-858F-F15540E50CB3}.Debug|Any CPU.Build.0 = Debug|Any CPU
		{50D37B6E-6DA3-402E-858F-F15540E50CB3}.Release|Any CPU.ActiveCfg = Release|Any CPU
		{50D37B6E-6DA3-402E-858F-F15540E50CB3}.Release|Any CPU.Build.0 = Release|Any CPU
	EndGlobalSection
	GlobalSection(NestedProjects) = preSolution
		{968509F3-2C9E-4567-B056-8E2ED155D6E4} = {122ECE93-3BFE-4286-8CCA-4240C4768A07}
		{94AA8077-8D51-408B-B738-4393AA35F648} = {122ECE93-3BFE-4286-8CCA-4240C4768A07}
		{AE538C77-E78E-4E62-85DC-9303E16CEDAB} = {122ECE93-3BFE-4286-8CCA-4240C4768A07}
		{9392234A-D067-4F14-B012-036A7EA54969} = {122ECE93-3BFE-4286-8CCA-4240C4768A07}
		{821E743E-DB09-4F8A-9852-E9D12CE0A874} = {122ECE93-3BFE-4286-8CCA-4240C4768A07}
	EndGlobalSection
EndGlobal
